<Solution>
  <Project Path="Unidad1_Controles/Unidad1_Controles.csproj" Id="6545e909-bc32-45d1-b301-4a7926b3a607" />
  <Project Path="Unidad2_Operadores/Unidad2_Operadores.csproj" Id="ad96a476-96a3-4ca6-a6ce-33125657bdf0" />
  <Project Path="Unidad3/Unidad3_MessageBox.csproj" Id="4fa7ea52-e415-4778-9b38-e4acf4898e1a" />
</Solution>
